
Microsoft Visual Studio Solution File, Format Version 12.00
# Visual Studio Version 17
VisualStudioVersion = 17.11.35327.3
MinimumVisualStudioVersion = 10.0.40219.1
Project("{9A19103F-16F7-4668-BE54-9A1E7A4F7556}") = "Threading2", "Threading2\Threading2.csproj", "{3E6F78E7-8785-4F69-A687-3CBAC0542D36}"
EndProject
Project("{FAE04EC0-301F-11D3-BF4B-00C04F79EFBC}") = "AsyncCodeWithDelegates_FrameworkOnly", "AsyncCodeWithDelegates_FrameworkOnly\AsyncCodeWithDelegates_FrameworkOnly.csproj", "{7D392002-0DBD-434E-8481-986FF8854DC3}"
EndProject
Project("{9A19103F-16F7-4668-BE54-9A1E7A4F7556}") = "TaskExamples", "TaskExamples\TaskExamples.csproj", "{BC782C12-959C-4F6E-9441-C972EE113156}"
EndProject
Project("{FAE04EC0-301F-11D3-BF4B-00C04F79EFBC}") = "FilesCoreExample", "FilesCoreExample\FilesCoreExample.csproj", "{CBC15F93-9FAE-458D-BEDB-563134C068EB}"
EndProject
Global
	GlobalSection(SolutionConfigurationPlatforms) = preSolution
		Debug|Any CPU = Debug|Any CPU
		Release|Any CPU = Release|Any CPU
	EndGlobalSection
	GlobalSection(ProjectConfigurationPlatforms) = postSolution
		{3E6F78E7-8785-4F69-A687-3CBAC0542D36}.Debug|Any CPU.ActiveCfg = Debug|Any CPU
		{3E6F78E7-8785-4F69-A687-3CBAC0542D36}.Debug|Any CPU.Build.0 = Debug|Any CPU
		{3E6F78E7-8785-4F69-A687-3CBAC0542D36}.Release|Any CPU.ActiveCfg = Release|Any CPU
		{3E6F78E7-8785-4F69-A687-3CBAC0542D36}.Release|Any CPU.Build.0 = Release|Any CPU
		{7D392002-0DBD-434E-8481-986FF8854DC3}.Debug|Any CPU.ActiveCfg = Debug|Any CPU
		{7D392002-0DBD-434E-8481-986FF8854DC3}.Debug|Any CPU.Build.0 = Debug|Any CPU
		{7D392002-0DBD-434E-8481-986FF8854DC3}.Release|Any CPU.ActiveCfg = Release|Any CPU
		{7D392002-0DBD-434E-8481-986FF8854DC3}.Release|Any CPU.Build.0 = Release|Any CPU
		{BC782C12-959C-4F6E-9441-C972EE113156}.Debug|Any CPU.ActiveCfg = Debug|Any CPU
		{BC782C12-959C-4F6E-9441-C972EE113156}.Debug|Any CPU.Build.0 = Debug|Any CPU
		{BC782C12-959C-4F6E-9441-C972EE113156}.Release|Any CPU.ActiveCfg = Release|Any CPU
		{BC782C12-959C-4F6E-9441-C972EE113156}.Release|Any CPU.Build.0 = Release|Any CPU
		{CBC15F93-9FAE-458D-BEDB-563134C068EB}.Debug|Any CPU.ActiveCfg = Debug|Any CPU
		{CBC15F93-9FAE-458D-BEDB-563134C068EB}.Debug|Any CPU.Build.0 = Debug|Any CPU
		{CBC15F93-9FAE-458D-BEDB-563134C068EB}.Release|Any CPU.ActiveCfg = Release|Any CPU
		{CBC15F93-9FAE-458D-BEDB-563134C068EB}.Release|Any CPU.Build.0 = Release|Any CPU
	EndGlobalSection
	GlobalSection(SolutionProperties) = preSolution
		HideSolutionNode = FALSE
	EndGlobalSection
	GlobalSection(ExtensibilityGlobals) = postSolution
		SolutionGuid = {31F24770-5D63-4588-B45B-2101A404F1D3}
	EndGlobalSection
EndGlobal
