
Microsoft Visual Studio Solution File, Format Version 12.00
# Visual Studio Version 17
VisualStudioVersion = 17.11.35327.3
MinimumVisualStudioVersion = 10.0.40219.1
Project("{FAE04EC0-301F-11D3-BF4B-00C04F79EFBC}") = "LanguageFeatures", "LanguageFeatures\LanguageFeatures.csproj", "{9EDE5842-6EF8-46FB-AF05-3FCBE5873A16}"
EndProject
Project("{FAE04EC0-301F-11D3-BF4B-00C04F79EFBC}") = "ExtensionMethods", "ExtensionMethods\ExtensionMethods.csproj", "{3A5EB111-0CBB-485F-B1D5-5FA0D34C295A}"
EndProject
Project("{FAE04EC0-301F-11D3-BF4B-00C04F79EFBC}") = "LinqExample", "LinqExample\LinqExample.csproj", "{D728421D-A8AA-4C5F-B8CE-7B9D8D51930B}"
EndProject
Global
	GlobalSection(SolutionConfigurationPlatforms) = preSolution
		Debug|Any CPU = Debug|Any CPU
		Release|Any CPU = Release|Any CPU
	EndGlobalSection
	GlobalSection(ProjectConfigurationPlatforms) = postSolution
		{9EDE5842-6EF8-46FB-AF05-3FCBE5873A16}.Debug|Any CPU.ActiveCfg = Debug|Any CPU
		{9EDE5842-6EF8-46FB-AF05-3FCBE5873A16}.Debug|Any CPU.Build.0 = Debug|Any CPU
		{9EDE5842-6EF8-46FB-AF05-3FCBE5873A16}.Release|Any CPU.ActiveCfg = Release|Any CPU
		{9EDE5842-6EF8-46FB-AF05-3FCBE5873A16}.Release|Any CPU.Build.0 = Release|Any CPU
		{3A5EB111-0CBB-485F-B1D5-5FA0D34C295A}.Debug|Any CPU.ActiveCfg = Debug|Any CPU
		{3A5EB111-0CBB-485F-B1D5-5FA0D34C295A}.Debug|Any CPU.Build.0 = Debug|Any CPU
		{3A5EB111-0CBB-485F-B1D5-5FA0D34C295A}.Release|Any CPU.ActiveCfg = Release|Any CPU
		{3A5EB111-0CBB-485F-B1D5-5FA0D34C295A}.Release|Any CPU.Build.0 = Release|Any CPU
		{D728421D-A8AA-4C5F-B8CE-7B9D8D51930B}.Debug|Any CPU.ActiveCfg = Debug|Any CPU
		{D728421D-A8AA-4C5F-B8CE-7B9D8D51930B}.Debug|Any CPU.Build.0 = Debug|Any CPU
		{D728421D-A8AA-4C5F-B8CE-7B9D8D51930B}.Release|Any CPU.ActiveCfg = Release|Any CPU
		{D728421D-A8AA-4C5F-B8CE-7B9D8D51930B}.Release|Any CPU.Build.0 = Release|Any CPU
	EndGlobalSection
	GlobalSection(SolutionProperties) = preSolution
		HideSolutionNode = FALSE
	EndGlobalSection
	GlobalSection(ExtensibilityGlobals) = postSolution
		SolutionGuid = {C6CC5EE9-8A2C-48DC-97FE-119448468F1D}
	EndGlobalSection
EndGlobal
